// !$*UTF8*$!
{
	archiveVersion = 1;
	classes = {
	};
	objectVersion = 56;
	objects = {

/* Begin PBXBuildFile section */
		141A781829D7ED46006731F7 /* AppDelegate.swift in Sources */ = {isa = PBXBuildFile; fileRef = 141A781729D7ED46006731F7 /* AppDelegate.swift */; };
		141A781A29D7ED46006731F7 /* SceneDelegate.swift in Sources */ = {isa = PBXBuildFile; fileRef = 141A781929D7ED46006731F7 /* SceneDelegate.swift */; };
		141A782129D7ED46006731F7 /* Assets.xcassets in Resources */ = {isa = PBXBuildFile; fileRef = 141A782029D7ED46006731F7 /* Assets.xcassets */; };
		141A782429D7ED46006731F7 /* LaunchScreen.storyboard in Resources */ = {isa = PBXBuildFile; fileRef = 141A782229D7ED46006731F7 /* LaunchScreen.storyboard */; };
		141A782D29D7F120006731F7 /* SnapKit in Frameworks */ = {isa = PBXBuildFile; productRef = 141A782C29D7F120006731F7 /* SnapKit */; };
		141A783029D7F168006731F7 /* RxCocoa in Frameworks */ = {isa = PBXBuildFile; productRef = 141A782F29D7F168006731F7 /* RxCocoa */; };
		141A783229D7F168006731F7 /* RxRelay in Frameworks */ = {isa = PBXBuildFile; productRef = 141A783129D7F168006731F7 /* RxRelay */; };
		141A783429D7F168006731F7 /* RxSwift in Frameworks */ = {isa = PBXBuildFile; productRef = 141A783329D7F168006731F7 /* RxSwift */; };
		141A783629D7F1E5006731F7 /* SignInViewController.swift in Sources */ = {isa = PBXBuildFile; fileRef = 141A783529D7F1E5006731F7 /* SignInViewController.swift */; };
		142DBED029DC1DCB00017603 /* EmailTextField.swift in Sources */ = {isa = PBXBuildFile; fileRef = 142DBECF29DC1DCB00017603 /* EmailTextField.swift */; };
		142DBED229DC223A00017603 /* EmailTextFieldViewModel.swift in Sources */ = {isa = PBXBuildFile; fileRef = 142DBED129DC223A00017603 /* EmailTextFieldViewModel.swift */; };
		142DBED529DC2B0200017603 /* PasswordTextField.swift in Sources */ = {isa = PBXBuildFile; fileRef = 142DBED429DC2B0200017603 /* PasswordTextField.swift */; };
		142DBED729DC2D2C00017603 /* PasswordTextFieldViewModel.swift in Sources */ = {isa = PBXBuildFile; fileRef = 142DBED629DC2D2C00017603 /* PasswordTextFieldViewModel.swift */; };
		142DBEDA29DC2EEB00017603 /* SignInViewModel.swift in Sources */ = {isa = PBXBuildFile; fileRef = 142DBED929DC2EEB00017603 /* SignInViewModel.swift */; };
		142DBEDC29DC3D1100017603 /* SignInModel.swift in Sources */ = {isa = PBXBuildFile; fileRef = 142DBEDB29DC3D1100017603 /* SignInModel.swift */; };
		142DBEDF29DC4DCE00017603 /* MainTabBarController.swift in Sources */ = {isa = PBXBuildFile; fileRef = 142DBEDE29DC4DCE00017603 /* MainTabBarController.swift */; };
		142DBEE129DC4FC300017603 /* MainTabBarViewModel.swift in Sources */ = {isa = PBXBuildFile; fileRef = 142DBEE029DC4FC300017603 /* MainTabBarViewModel.swift */; };
		14567E9A29DFDD43000B75EE /* EmailStackViewCellViewModel.swift in Sources */ = {isa = PBXBuildFile; fileRef = 14567E9929DFDD43000B75EE /* EmailStackViewCellViewModel.swift */; };
		14567E9C29DFE824000B75EE /* EmailStackViewCellModel.swift in Sources */ = {isa = PBXBuildFile; fileRef = 14567E9B29DFE824000B75EE /* EmailStackViewCellModel.swift */; };
		14567E9E29E00740000B75EE /* VerifiedStackViewCellViewModel.swift in Sources */ = {isa = PBXBuildFile; fileRef = 14567E9D29E00740000B75EE /* VerifiedStackViewCellViewModel.swift */; };
		14567EA029E00AF6000B75EE /* SignUpIDModel.swift in Sources */ = {isa = PBXBuildFile; fileRef = 14567E9F29E00AF6000B75EE /* SignUpIDModel.swift */; };
		147922ED29DADBCF0052CBA8 /* SignUpIDViewController.swift in Sources */ = {isa = PBXBuildFile; fileRef = 147922EC29DADBCF0052CBA8 /* SignUpIDViewController.swift */; };
		14793FA629D8046E0048D5DD /* ColorAssets.xcassets in Resources */ = {isa = PBXBuildFile; fileRef = 14793FA529D8046E0048D5DD /* ColorAssets.xcassets */; };
		14793FA929D831230048D5DD /* ExUIColor.swift in Sources */ = {isa = PBXBuildFile; fileRef = 14793FA829D831230048D5DD /* ExUIColor.swift */; };
		14793FBC29D837480048D5DD /* ExUIFont.swift in Sources */ = {isa = PBXBuildFile; fileRef = 14793FBB29D837480048D5DD /* ExUIFont.swift */; };
		14793FBE29D83DA60048D5DD /* ExUIView.swift in Sources */ = {isa = PBXBuildFile; fileRef = 14793FBD29D83DA60048D5DD /* ExUIView.swift */; };
		14793FBF29D84AAC0048D5DD /* NanumSquareNeo-eHv.ttf in Resources */ = {isa = PBXBuildFile; fileRef = 14793FB929D837090048D5DD /* NanumSquareNeo-eHv.ttf */; };
		14793FC029D84AB60048D5DD /* NanumSquareNeo-aLt.ttf in Resources */ = {isa = PBXBuildFile; fileRef = 14793FAE29D836610048D5DD /* NanumSquareNeo-aLt.ttf */; };
		14793FC129D84ABA0048D5DD /* NanumSquareNeo-bRg.ttf in Resources */ = {isa = PBXBuildFile; fileRef = 14793FAF29D836610048D5DD /* NanumSquareNeo-bRg.ttf */; };
		14793FC229D84ABD0048D5DD /* NanumSquareNeo-cBd.ttf in Resources */ = {isa = PBXBuildFile; fileRef = 14793FAD29D836610048D5DD /* NanumSquareNeo-cBd.ttf */; };
		14793FC329D84AC00048D5DD /* NanumSquareNeo-dEb.ttf in Resources */ = {isa = PBXBuildFile; fileRef = 14793FB029D836610048D5DD /* NanumSquareNeo-dEb.ttf */; };
		14DD370F29DB0D5B00D6A715 /* EmailStackViewCell.swift in Sources */ = {isa = PBXBuildFile; fileRef = 14DD370E29DB0D5B00D6A715 /* EmailStackViewCell.swift */; };
		14DD371129DB0EE700D6A715 /* SignUpIDViewModel.swift in Sources */ = {isa = PBXBuildFile; fileRef = 14DD371029DB0EE700D6A715 /* SignUpIDViewModel.swift */; };
		14DD371329DB1DFB00D6A715 /* VerifiedStackViewCell.swift in Sources */ = {isa = PBXBuildFile; fileRef = 14DD371229DB1DFB00D6A715 /* VerifiedStackViewCell.swift */; };
		14DD371E29DB2CBB00D6A715 /* SignUpPasswordViewController.swift in Sources */ = {isa = PBXBuildFile; fileRef = 14DD371D29DB2CBB00D6A715 /* SignUpPasswordViewController.swift */; };
		14DD372029DB301400D6A715 /* PasswordTextFieldCell.swift in Sources */ = {isa = PBXBuildFile; fileRef = 14DD371F29DB301400D6A715 /* PasswordTextFieldCell.swift */; };
		14DD372229DB30EC00D6A715 /* PasswordToCheckTextFieldCell.swift in Sources */ = {isa = PBXBuildFile; fileRef = 14DD372129DB30EC00D6A715 /* PasswordToCheckTextFieldCell.swift */; };
		14DD372429DB318900D6A715 /* SignUpPasswordViewModel.swift in Sources */ = {isa = PBXBuildFile; fileRef = 14DD372329DB318900D6A715 /* SignUpPasswordViewModel.swift */; };
/* End PBXBuildFile section */

/* Begin PBXFileReference section */
		141A781429D7ED46006731F7 /* WanF-Project.app */ = {isa = PBXFileReference; explicitFileType = wrapper.application; includeInIndex = 0; path = "WanF-Project.app"; sourceTree = BUILT_PRODUCTS_DIR; };
		141A781729D7ED46006731F7 /* AppDelegate.swift */ = {isa = PBXFileReference; lastKnownFileType = sourcecode.swift; path = AppDelegate.swift; sourceTree = "<group>"; };
		141A781929D7ED46006731F7 /* SceneDelegate.swift */ = {isa = PBXFileReference; lastKnownFileType = sourcecode.swift; path = SceneDelegate.swift; sourceTree = "<group>"; };
		141A782029D7ED46006731F7 /* Assets.xcassets */ = {isa = PBXFileReference; lastKnownFileType = folder.assetcatalog; path = Assets.xcassets; sourceTree = "<group>"; };
		141A782329D7ED46006731F7 /* Base */ = {isa = PBXFileReference; lastKnownFileType = file.storyboard; name = Base; path = Base.lproj/LaunchScreen.storyboard; sourceTree = "<group>"; };
		141A782529D7ED46006731F7 /* Info.plist */ = {isa = PBXFileReference; lastKnownFileType = text.plist.xml; path = Info.plist; sourceTree = "<group>"; };
		141A783529D7F1E5006731F7 /* SignInViewController.swift */ = {isa = PBXFileReference; lastKnownFileType = sourcecode.swift; path = SignInViewController.swift; sourceTree = "<group>"; };
		142DBECF29DC1DCB00017603 /* EmailTextField.swift */ = {isa = PBXFileReference; lastKnownFileType = sourcecode.swift; path = EmailTextField.swift; sourceTree = "<group>"; };
		142DBED129DC223A00017603 /* EmailTextFieldViewModel.swift */ = {isa = PBXFileReference; lastKnownFileType = sourcecode.swift; path = EmailTextFieldViewModel.swift; sourceTree = "<group>"; };
		142DBED429DC2B0200017603 /* PasswordTextField.swift */ = {isa = PBXFileReference; lastKnownFileType = sourcecode.swift; path = PasswordTextField.swift; sourceTree = "<group>"; };
		142DBED629DC2D2C00017603 /* PasswordTextFieldViewModel.swift */ = {isa = PBXFileReference; lastKnownFileType = sourcecode.swift; path = PasswordTextFieldViewModel.swift; sourceTree = "<group>"; };
		142DBED929DC2EEB00017603 /* SignInViewModel.swift */ = {isa = PBXFileReference; lastKnownFileType = sourcecode.swift; path = SignInViewModel.swift; sourceTree = "<group>"; };
		142DBEDB29DC3D1100017603 /* SignInModel.swift */ = {isa = PBXFileReference; lastKnownFileType = sourcecode.swift; path = SignInModel.swift; sourceTree = "<group>"; };
		142DBEDE29DC4DCE00017603 /* MainTabBarController.swift */ = {isa = PBXFileReference; lastKnownFileType = sourcecode.swift; path = MainTabBarController.swift; sourceTree = "<group>"; };
		142DBEE029DC4FC300017603 /* MainTabBarViewModel.swift */ = {isa = PBXFileReference; lastKnownFileType = sourcecode.swift; path = MainTabBarViewModel.swift; sourceTree = "<group>"; };
		14567E9929DFDD43000B75EE /* EmailStackViewCellViewModel.swift */ = {isa = PBXFileReference; lastKnownFileType = sourcecode.swift; path = EmailStackViewCellViewModel.swift; sourceTree = "<group>"; };
		14567E9B29DFE824000B75EE /* EmailStackViewCellModel.swift */ = {isa = PBXFileReference; lastKnownFileType = sourcecode.swift; path = EmailStackViewCellModel.swift; sourceTree = "<group>"; };
		14567E9D29E00740000B75EE /* VerifiedStackViewCellViewModel.swift */ = {isa = PBXFileReference; lastKnownFileType = sourcecode.swift; path = VerifiedStackViewCellViewModel.swift; sourceTree = "<group>"; };
		14567E9F29E00AF6000B75EE /* SignUpIDModel.swift */ = {isa = PBXFileReference; lastKnownFileType = sourcecode.swift; path = SignUpIDModel.swift; sourceTree = "<group>"; };
		147922EC29DADBCF0052CBA8 /* SignUpIDViewController.swift */ = {isa = PBXFileReference; lastKnownFileType = sourcecode.swift; path = SignUpIDViewController.swift; sourceTree = "<group>"; };
		14793FA529D8046E0048D5DD /* ColorAssets.xcassets */ = {isa = PBXFileReference; lastKnownFileType = folder.assetcatalog; path = ColorAssets.xcassets; sourceTree = "<group>"; };
		14793FA829D831230048D5DD /* ExUIColor.swift */ = {isa = PBXFileReference; lastKnownFileType = sourcecode.swift; path = ExUIColor.swift; sourceTree = "<group>"; };
		14793FAD29D836610048D5DD /* NanumSquareNeo-cBd.ttf */ = {isa = PBXFileReference; lastKnownFileType = file; path = "NanumSquareNeo-cBd.ttf"; sourceTree = "<group>"; };
		14793FAE29D836610048D5DD /* NanumSquareNeo-aLt.ttf */ = {isa = PBXFileReference; lastKnownFileType = file; path = "NanumSquareNeo-aLt.ttf"; sourceTree = "<group>"; };
		14793FAF29D836610048D5DD /* NanumSquareNeo-bRg.ttf */ = {isa = PBXFileReference; lastKnownFileType = file; path = "NanumSquareNeo-bRg.ttf"; sourceTree = "<group>"; };
		14793FB029D836610048D5DD /* NanumSquareNeo-dEb.ttf */ = {isa = PBXFileReference; lastKnownFileType = file; path = "NanumSquareNeo-dEb.ttf"; sourceTree = "<group>"; };
		14793FB929D837090048D5DD /* NanumSquareNeo-eHv.ttf */ = {isa = PBXFileReference; lastKnownFileType = file; path = "NanumSquareNeo-eHv.ttf"; sourceTree = "<group>"; };
		14793FBB29D837480048D5DD /* ExUIFont.swift */ = {isa = PBXFileReference; lastKnownFileType = sourcecode.swift; path = ExUIFont.swift; sourceTree = "<group>"; };
		14793FBD29D83DA60048D5DD /* ExUIView.swift */ = {isa = PBXFileReference; lastKnownFileType = sourcecode.swift; path = ExUIView.swift; sourceTree = "<group>"; };
		14DD370E29DB0D5B00D6A715 /* EmailStackViewCell.swift */ = {isa = PBXFileReference; lastKnownFileType = sourcecode.swift; path = EmailStackViewCell.swift; sourceTree = "<group>"; };
		14DD371029DB0EE700D6A715 /* SignUpIDViewModel.swift */ = {isa = PBXFileReference; lastKnownFileType = sourcecode.swift; path = SignUpIDViewModel.swift; sourceTree = "<group>"; };
		14DD371229DB1DFB00D6A715 /* VerifiedStackViewCell.swift */ = {isa = PBXFileReference; lastKnownFileType = sourcecode.swift; path = VerifiedStackViewCell.swift; sourceTree = "<group>"; };
		14DD371D29DB2CBB00D6A715 /* SignUpPasswordViewController.swift */ = {isa = PBXFileReference; lastKnownFileType = sourcecode.swift; path = SignUpPasswordViewController.swift; sourceTree = "<group>"; };
		14DD371F29DB301400D6A715 /* PasswordTextFieldCell.swift */ = {isa = PBXFileReference; lastKnownFileType = sourcecode.swift; path = PasswordTextFieldCell.swift; sourceTree = "<group>"; };
		14DD372129DB30EC00D6A715 /* PasswordToCheckTextFieldCell.swift */ = {isa = PBXFileReference; lastKnownFileType = sourcecode.swift; path = PasswordToCheckTextFieldCell.swift; sourceTree = "<group>"; };
		14DD372329DB318900D6A715 /* SignUpPasswordViewModel.swift */ = {isa = PBXFileReference; lastKnownFileType = sourcecode.swift; path = SignUpPasswordViewModel.swift; sourceTree = "<group>"; };
/* End PBXFileReference section */

/* Begin PBXFrameworksBuildPhase section */
		141A781129D7ED46006731F7 /* Frameworks */ = {
			isa = PBXFrameworksBuildPhase;
			buildActionMask = 2147483647;
			files = (
				141A783229D7F168006731F7 /* RxRelay in Frameworks */,
				141A783029D7F168006731F7 /* RxCocoa in Frameworks */,
				141A783429D7F168006731F7 /* RxSwift in Frameworks */,
				141A782D29D7F120006731F7 /* SnapKit in Frameworks */,
			);
			runOnlyForDeploymentPostprocessing = 0;
		};
/* End PBXFrameworksBuildPhase section */

/* Begin PBXGroup section */
		141A780B29D7ED46006731F7 = {
			isa = PBXGroup;
			children = (
				141A781629D7ED46006731F7 /* WanF-Project */,
				141A781529D7ED46006731F7 /* Products */,
			);
			sourceTree = "<group>";
		};
		141A781529D7ED46006731F7 /* Products */ = {
			isa = PBXGroup;
			children = (
				141A781429D7ED46006731F7 /* WanF-Project.app */,
			);
			name = Products;
			sourceTree = "<group>";
		};
		141A781629D7ED46006731F7 /* WanF-Project */ = {
			isa = PBXGroup;
			children = (
				14DD371429DB2B9300D6A715 /* Presentation */,
				141A781729D7ED46006731F7 /* AppDelegate.swift */,
				141A781929D7ED46006731F7 /* SceneDelegate.swift */,
				14793FA729D82F1D0048D5DD /* Extension */,
				14793FAB29D835680048D5DD /* Asset */,
				141A782229D7ED46006731F7 /* LaunchScreen.storyboard */,
				141A782529D7ED46006731F7 /* Info.plist */,
			);
			path = "WanF-Project";
			sourceTree = "<group>";
		};
		142DBED329DC28DE00017603 /* EmailTextField */ = {
			isa = PBXGroup;
			children = (
				142DBECF29DC1DCB00017603 /* EmailTextField.swift */,
				142DBED129DC223A00017603 /* EmailTextFieldViewModel.swift */,
			);
			path = EmailTextField;
			sourceTree = "<group>";
		};
		142DBED829DC2E8A00017603 /* PasswordTextField */ = {
			isa = PBXGroup;
			children = (
				142DBED429DC2B0200017603 /* PasswordTextField.swift */,
				142DBED629DC2D2C00017603 /* PasswordTextFieldViewModel.swift */,
			);
			path = PasswordTextField;
			sourceTree = "<group>";
		};
		14793FA729D82F1D0048D5DD /* Extension */ = {
			isa = PBXGroup;
			children = (
				14793FA829D831230048D5DD /* ExUIColor.swift */,
				14793FBB29D837480048D5DD /* ExUIFont.swift */,
				14793FBD29D83DA60048D5DD /* ExUIView.swift */,
			);
			path = Extension;
			sourceTree = "<group>";
		};
		14793FAB29D835680048D5DD /* Asset */ = {
			isa = PBXGroup;
			children = (
				14793FB829D8368E0048D5DD /* Fonts */,
				14793FA529D8046E0048D5DD /* ColorAssets.xcassets */,
				141A782029D7ED46006731F7 /* Assets.xcassets */,
			);
			path = Asset;
			sourceTree = "<group>";
		};
		14793FB829D8368E0048D5DD /* Fonts */ = {
			isa = PBXGroup;
			children = (
				14793FB929D837090048D5DD /* NanumSquareNeo-eHv.ttf */,
				14793FAE29D836610048D5DD /* NanumSquareNeo-aLt.ttf */,
				14793FAF29D836610048D5DD /* NanumSquareNeo-bRg.ttf */,
				14793FAD29D836610048D5DD /* NanumSquareNeo-cBd.ttf */,
				14793FB029D836610048D5DD /* NanumSquareNeo-dEb.ttf */,
			);
			path = Fonts;
			sourceTree = "<group>";
		};
		14A1BFED29DBE2BB00351567 /* PasswordTextFieldCell */ = {
			isa = PBXGroup;
			children = (
				14DD371F29DB301400D6A715 /* PasswordTextFieldCell.swift */,
			);
			path = PasswordTextFieldCell;
			sourceTree = "<group>";
		};
		14A1BFEE29DBE2F400351567 /* PasswordToCheckTextFieldCell */ = {
			isa = PBXGroup;
			children = (
				14DD372129DB30EC00D6A715 /* PasswordToCheckTextFieldCell.swift */,
			);
			path = PasswordToCheckTextFieldCell;
			sourceTree = "<group>";
		};
		14DD371429DB2B9300D6A715 /* Presentation */ = {
			isa = PBXGroup;
			children = (
				14DD371629DB2BD300D6A715 /* SignUp */,
				14DD371529DB2BA800D6A715 /* SignInViewController */,
				142DBEDE29DC4DCE00017603 /* MainTabBarController.swift */,
				142DBEE029DC4FC300017603 /* MainTabBarViewModel.swift */,
			);
			path = Presentation;
			sourceTree = "<group>";
		};
		14DD371529DB2BA800D6A715 /* SignInViewController */ = {
			isa = PBXGroup;
			children = (
				142DBED329DC28DE00017603 /* EmailTextField */,
				142DBED829DC2E8A00017603 /* PasswordTextField */,
				141A783529D7F1E5006731F7 /* SignInViewController.swift */,
				142DBED929DC2EEB00017603 /* SignInViewModel.swift */,
				142DBEDB29DC3D1100017603 /* SignInModel.swift */,
			);
			path = SignInViewController;
			sourceTree = "<group>";
		};
		14DD371629DB2BD300D6A715 /* SignUp */ = {
			isa = PBXGroup;
			children = (
				14DD371729DB2BE900D6A715 /* SignUpIDViewController */,
				14DD371C29DB2C9700D6A715 /* SignUpPasswordViewController */,
			);
			path = SignUp;
			sourceTree = "<group>";
		};
		14DD371729DB2BE900D6A715 /* SignUpIDViewController */ = {
			isa = PBXGroup;
			children = (
				14DD371829DB2C0F00D6A715 /* EmailStackViewCell */,
				14DD371A29DB2C2E00D6A715 /* VerifiedStackViewCell */,
				147922EC29DADBCF0052CBA8 /* SignUpIDViewController.swift */,
				14DD371029DB0EE700D6A715 /* SignUpIDViewModel.swift */,
				14567E9F29E00AF6000B75EE /* SignUpIDModel.swift */,
			);
			path = SignUpIDViewController;
			sourceTree = "<group>";
		};
		14DD371829DB2C0F00D6A715 /* EmailStackViewCell */ = {
			isa = PBXGroup;
			children = (
				14DD370E29DB0D5B00D6A715 /* EmailStackViewCell.swift */,
				14567E9929DFDD43000B75EE /* EmailStackViewCellViewModel.swift */,
				14567E9B29DFE824000B75EE /* EmailStackViewCellModel.swift */,
			);
			path = EmailStackViewCell;
			sourceTree = "<group>";
		};
		14DD371A29DB2C2E00D6A715 /* VerifiedStackViewCell */ = {
			isa = PBXGroup;
			children = (
				14DD371229DB1DFB00D6A715 /* VerifiedStackViewCell.swift */,
				14567E9D29E00740000B75EE /* VerifiedStackViewCellViewModel.swift */,
			);
			path = VerifiedStackViewCell;
			sourceTree = "<group>";
		};
		14DD371C29DB2C9700D6A715 /* SignUpPasswordViewController */ = {
			isa = PBXGroup;
			children = (
				14A1BFED29DBE2BB00351567 /* PasswordTextFieldCell */,
				14A1BFEE29DBE2F400351567 /* PasswordToCheckTextFieldCell */,
				14DD371D29DB2CBB00D6A715 /* SignUpPasswordViewController.swift */,
				14DD372329DB318900D6A715 /* SignUpPasswordViewModel.swift */,
			);
			path = SignUpPasswordViewController;
			sourceTree = "<group>";
		};
/* End PBXGroup section */

/* Begin PBXNativeTarget section */
		141A781329D7ED46006731F7 /* WanF-Project */ = {
			isa = PBXNativeTarget;
			buildConfigurationList = 141A782829D7ED46006731F7 /* Build configuration list for PBXNativeTarget "WanF-Project" */;
			buildPhases = (
				141A781029D7ED46006731F7 /* Sources */,
				141A781129D7ED46006731F7 /* Frameworks */,
				141A781229D7ED46006731F7 /* Resources */,
			);
			buildRules = (
			);
			dependencies = (
			);
			name = "WanF-Project";
			packageProductDependencies = (
				141A782C29D7F120006731F7 /* SnapKit */,
				141A782F29D7F168006731F7 /* RxCocoa */,
				141A783129D7F168006731F7 /* RxRelay */,
				141A783329D7F168006731F7 /* RxSwift */,
			);
			productName = "WanF-Project";
			productReference = 141A781429D7ED46006731F7 /* WanF-Project.app */;
			productType = "com.apple.product-type.application";
		};
/* End PBXNativeTarget section */

/* Begin PBXProject section */
		141A780C29D7ED46006731F7 /* Project object */ = {
			isa = PBXProject;
			attributes = {
				BuildIndependentTargetsInParallel = 1;
				LastSwiftUpdateCheck = 1420;
				LastUpgradeCheck = 1420;
				TargetAttributes = {
					141A781329D7ED46006731F7 = {
						CreatedOnToolsVersion = 14.2;
					};
				};
			};
			buildConfigurationList = 141A780F29D7ED46006731F7 /* Build configuration list for PBXProject "WanF-Project" */;
			compatibilityVersion = "Xcode 14.0";
			developmentRegion = en;
			hasScannedForEncodings = 0;
			knownRegions = (
				en,
				Base,
			);
			mainGroup = 141A780B29D7ED46006731F7;
			packageReferences = (
				141A782B29D7F120006731F7 /* XCRemoteSwiftPackageReference "SnapKit" */,
				141A782E29D7F168006731F7 /* XCRemoteSwiftPackageReference "RxSwift" */,
			);
			productRefGroup = 141A781529D7ED46006731F7 /* Products */;
			projectDirPath = "";
			projectRoot = "";
			targets = (
				141A781329D7ED46006731F7 /* WanF-Project */,
			);
		};
/* End PBXProject section */

/* Begin PBXResourcesBuildPhase section */
		141A781229D7ED46006731F7 /* Resources */ = {
			isa = PBXResourcesBuildPhase;
			buildActionMask = 2147483647;
			files = (
				141A782429D7ED46006731F7 /* LaunchScreen.storyboard in Resources */,
				14793FC029D84AB60048D5DD /* NanumSquareNeo-aLt.ttf in Resources */,
				14793FC229D84ABD0048D5DD /* NanumSquareNeo-cBd.ttf in Resources */,
				14793FBF29D84AAC0048D5DD /* NanumSquareNeo-eHv.ttf in Resources */,
				14793FC329D84AC00048D5DD /* NanumSquareNeo-dEb.ttf in Resources */,
				14793FC129D84ABA0048D5DD /* NanumSquareNeo-bRg.ttf in Resources */,
				14793FA629D8046E0048D5DD /* ColorAssets.xcassets in Resources */,
				141A782129D7ED46006731F7 /* Assets.xcassets in Resources */,
			);
			runOnlyForDeploymentPostprocessing = 0;
		};
/* End PBXResourcesBuildPhase section */

/* Begin PBXSourcesBuildPhase section */
		141A781029D7ED46006731F7 /* Sources */ = {
			isa = PBXSourcesBuildPhase;
			buildActionMask = 2147483647;
			files = (
				14793FBC29D837480048D5DD /* ExUIFont.swift in Sources */,
				14567E9A29DFDD43000B75EE /* EmailStackViewCellViewModel.swift in Sources */,
				14567E9C29DFE824000B75EE /* EmailStackViewCellModel.swift in Sources */,
				147922ED29DADBCF0052CBA8 /* SignUpIDViewController.swift in Sources */,
				142DBED029DC1DCB00017603 /* EmailTextField.swift in Sources */,
				14567E9E29E00740000B75EE /* VerifiedStackViewCellViewModel.swift in Sources */,
				142DBEDA29DC2EEB00017603 /* SignInViewModel.swift in Sources */,
				14793FA929D831230048D5DD /* ExUIColor.swift in Sources */,
				141A783629D7F1E5006731F7 /* SignInViewController.swift in Sources */,
				142DBED229DC223A00017603 /* EmailTextFieldViewModel.swift in Sources */,
				142DBED729DC2D2C00017603 /* PasswordTextFieldViewModel.swift in Sources */,
				142DBED529DC2B0200017603 /* PasswordTextField.swift in Sources */,
				142DBEE129DC4FC300017603 /* MainTabBarViewModel.swift in Sources */,
				142DBEDC29DC3D1100017603 /* SignInModel.swift in Sources */,
				14DD371129DB0EE700D6A715 /* SignUpIDViewModel.swift in Sources */,
				14DD371329DB1DFB00D6A715 /* VerifiedStackViewCell.swift in Sources */,
				14DD372029DB301400D6A715 /* PasswordTextFieldCell.swift in Sources */,
				14DD372429DB318900D6A715 /* SignUpPasswordViewModel.swift in Sources */,
				14DD370F29DB0D5B00D6A715 /* EmailStackViewCell.swift in Sources */,
				14793FBE29D83DA60048D5DD /* ExUIView.swift in Sources */,
				14567EA029E00AF6000B75EE /* SignUpIDModel.swift in Sources */,
				141A781829D7ED46006731F7 /* AppDelegate.swift in Sources */,
				142DBEDF29DC4DCE00017603 /* MainTabBarController.swift in Sources */,
				14DD372229DB30EC00D6A715 /* PasswordToCheckTextFieldCell.swift in Sources */,
				141A781A29D7ED46006731F7 /* SceneDelegate.swift in Sources */,
				14DD371E29DB2CBB00D6A715 /* SignUpPasswordViewController.swift in Sources */,
			);
			runOnlyForDeploymentPostprocessing = 0;
		};
/* End PBXSourcesBuildPhase section */

/* Begin PBXVariantGroup section */
		141A782229D7ED46006731F7 /* LaunchScreen.storyboard */ = {
			isa = PBXVariantGroup;
			children = (
				141A782329D7ED46006731F7 /* Base */,
			);
			name = LaunchScreen.storyboard;
			sourceTree = "<group>";
		};
/* End PBXVariantGroup section */

/* Begin XCBuildConfiguration section */
		141A782629D7ED46006731F7 /* Debug */ = {
			isa = XCBuildConfiguration;
			buildSettings = {
				ALWAYS_SEARCH_USER_PATHS = NO;
				CLANG_ANALYZER_NONNULL = YES;
				CLANG_ANALYZER_NUMBER_OBJECT_CONVERSION = YES_AGGRESSIVE;
				CLANG_CXX_LANGUAGE_STANDARD = "gnu++20";
				CLANG_ENABLE_MODULES = YES;
				CLANG_ENABLE_OBJC_ARC = YES;
				CLANG_ENABLE_OBJC_WEAK = YES;
				CLANG_WARN_BLOCK_CAPTURE_AUTORELEASING = YES;
				CLANG_WARN_BOOL_CONVERSION = YES;
				CLANG_WARN_COMMA = YES;
				CLANG_WARN_CONSTANT_CONVERSION = YES;
				CLANG_WARN_DEPRECATED_OBJC_IMPLEMENTATIONS = YES;
				CLANG_WARN_DIRECT_OBJC_ISA_USAGE = YES_ERROR;
				CLANG_WARN_DOCUMENTATION_COMMENTS = YES;
				CLANG_WARN_EMPTY_BODY = YES;
				CLANG_WARN_ENUM_CONVERSION = YES;
				CLANG_WARN_INFINITE_RECURSION = YES;
				CLANG_WARN_INT_CONVERSION = YES;
				CLANG_WARN_NON_LITERAL_NULL_CONVERSION = YES;
				CLANG_WARN_OBJC_IMPLICIT_RETAIN_SELF = YES;
				CLANG_WARN_OBJC_LITERAL_CONVERSION = YES;
				CLANG_WARN_OBJC_ROOT_CLASS = YES_ERROR;
				CLANG_WARN_QUOTED_INCLUDE_IN_FRAMEWORK_HEADER = YES;
				CLANG_WARN_RANGE_LOOP_ANALYSIS = YES;
				CLANG_WARN_STRICT_PROTOTYPES = YES;
				CLANG_WARN_SUSPICIOUS_MOVE = YES;
				CLANG_WARN_UNGUARDED_AVAILABILITY = YES_AGGRESSIVE;
				CLANG_WARN_UNREACHABLE_CODE = YES;
				CLANG_WARN__DUPLICATE_METHOD_MATCH = YES;
				COPY_PHASE_STRIP = NO;
				DEBUG_INFORMATION_FORMAT = dwarf;
				ENABLE_STRICT_OBJC_MSGSEND = YES;
				ENABLE_TESTABILITY = YES;
				GCC_C_LANGUAGE_STANDARD = gnu11;
				GCC_DYNAMIC_NO_PIC = NO;
				GCC_NO_COMMON_BLOCKS = YES;
				GCC_OPTIMIZATION_LEVEL = 0;
				GCC_PREPROCESSOR_DEFINITIONS = (
					"DEBUG=1",
					"$(inherited)",
				);
				GCC_WARN_64_TO_32_BIT_CONVERSION = YES;
				GCC_WARN_ABOUT_RETURN_TYPE = YES_ERROR;
				GCC_WARN_UNDECLARED_SELECTOR = YES;
				GCC_WARN_UNINITIALIZED_AUTOS = YES_AGGRESSIVE;
				GCC_WARN_UNUSED_FUNCTION = YES;
				GCC_WARN_UNUSED_VARIABLE = YES;
				IPHONEOS_DEPLOYMENT_TARGET = 16.0;
				MTL_ENABLE_DEBUG_INFO = INCLUDE_SOURCE;
				MTL_FAST_MATH = YES;
				ONLY_ACTIVE_ARCH = YES;
				SDKROOT = iphoneos;
				SWIFT_ACTIVE_COMPILATION_CONDITIONS = DEBUG;
				SWIFT_OPTIMIZATION_LEVEL = "-Onone";
			};
			name = Debug;
		};
		141A782729D7ED46006731F7 /* Release */ = {
			isa = XCBuildConfiguration;
			buildSettings = {
				ALWAYS_SEARCH_USER_PATHS = NO;
				CLANG_ANALYZER_NONNULL = YES;
				CLANG_ANALYZER_NUMBER_OBJECT_CONVERSION = YES_AGGRESSIVE;
				CLANG_CXX_LANGUAGE_STANDARD = "gnu++20";
				CLANG_ENABLE_MODULES = YES;
				CLANG_ENABLE_OBJC_ARC = YES;
				CLANG_ENABLE_OBJC_WEAK = YES;
				CLANG_WARN_BLOCK_CAPTURE_AUTORELEASING = YES;
				CLANG_WARN_BOOL_CONVERSION = YES;
				CLANG_WARN_COMMA = YES;
				CLANG_WARN_CONSTANT_CONVERSION = YES;
				CLANG_WARN_DEPRECATED_OBJC_IMPLEMENTATIONS = YES;
				CLANG_WARN_DIRECT_OBJC_ISA_USAGE = YES_ERROR;
				CLANG_WARN_DOCUMENTATION_COMMENTS = YES;
				CLANG_WARN_EMPTY_BODY = YES;
				CLANG_WARN_ENUM_CONVERSION = YES;
				CLANG_WARN_INFINITE_RECURSION = YES;
				CLANG_WARN_INT_CONVERSION = YES;
				CLANG_WARN_NON_LITERAL_NULL_CONVERSION = YES;
				CLANG_WARN_OBJC_IMPLICIT_RETAIN_SELF = YES;
				CLANG_WARN_OBJC_LITERAL_CONVERSION = YES;
				CLANG_WARN_OBJC_ROOT_CLASS = YES_ERROR;
				CLANG_WARN_QUOTED_INCLUDE_IN_FRAMEWORK_HEADER = YES;
				CLANG_WARN_RANGE_LOOP_ANALYSIS = YES;
				CLANG_WARN_STRICT_PROTOTYPES = YES;
				CLANG_WARN_SUSPICIOUS_MOVE = YES;
				CLANG_WARN_UNGUARDED_AVAILABILITY = YES_AGGRESSIVE;
				CLANG_WARN_UNREACHABLE_CODE = YES;
				CLANG_WARN__DUPLICATE_METHOD_MATCH = YES;
				COPY_PHASE_STRIP = NO;
				DEBUG_INFORMATION_FORMAT = "dwarf-with-dsym";
				ENABLE_NS_ASSERTIONS = NO;
				ENABLE_STRICT_OBJC_MSGSEND = YES;
				GCC_C_LANGUAGE_STANDARD = gnu11;
				GCC_NO_COMMON_BLOCKS = YES;
				GCC_WARN_64_TO_32_BIT_CONVERSION = YES;
				GCC_WARN_ABOUT_RETURN_TYPE = YES_ERROR;
				GCC_WARN_UNDECLARED_SELECTOR = YES;
				GCC_WARN_UNINITIALIZED_AUTOS = YES_AGGRESSIVE;
				GCC_WARN_UNUSED_FUNCTION = YES;
				GCC_WARN_UNUSED_VARIABLE = YES;
				IPHONEOS_DEPLOYMENT_TARGET = 16.0;
				MTL_ENABLE_DEBUG_INFO = NO;
				MTL_FAST_MATH = YES;
				SDKROOT = iphoneos;
				SWIFT_COMPILATION_MODE = wholemodule;
				SWIFT_OPTIMIZATION_LEVEL = "-O";
				VALIDATE_PRODUCT = YES;
			};
			name = Release;
		};
		141A782929D7ED46006731F7 /* Debug */ = {
			isa = XCBuildConfiguration;
			buildSettings = {
				ASSETCATALOG_COMPILER_APPICON_NAME = AppIcon;
				ASSETCATALOG_COMPILER_GLOBAL_ACCENT_COLOR_NAME = AccentColor;
				CODE_SIGN_STYLE = Automatic;
				CURRENT_PROJECT_VERSION = 1;
				DEVELOPMENT_TEAM = ZQV4ZDQNW5;
				GENERATE_INFOPLIST_FILE = YES;
				IBSC_FLATTEN_NIBS = YES;
				INFOPLIST_FILE = "WanF-Project/Info.plist";
				INFOPLIST_KEY_UIApplicationSupportsIndirectInputEvents = YES;
				INFOPLIST_KEY_UILaunchStoryboardName = LaunchScreen;
				INFOPLIST_KEY_UIStatusBarStyle = "";
				INFOPLIST_KEY_UISupportedInterfaceOrientations = UIInterfaceOrientationPortrait;
				INFOPLIST_KEY_UIUserInterfaceStyle = Light;
				IPHONEOS_DEPLOYMENT_TARGET = 16.0;
				LD_RUNPATH_SEARCH_PATHS = (
					"$(inherited)",
					"@executable_path/Frameworks",
				);
				MARKETING_VERSION = 1.0;
				PRODUCT_BUNDLE_IDENTIFIER = "com.tistory.88yhtserof.WanF-Project";
				PRODUCT_NAME = "$(TARGET_NAME)";
				SWIFT_EMIT_LOC_STRINGS = YES;
				SWIFT_VERSION = 5.0;
				TARGETED_DEVICE_FAMILY = "1,2";
			};
			name = Debug;
		};
		141A782A29D7ED46006731F7 /* Release */ = {
			isa = XCBuildConfiguration;
			buildSettings = {
				ASSETCATALOG_COMPILER_APPICON_NAME = AppIcon;
				ASSETCATALOG_COMPILER_GLOBAL_ACCENT_COLOR_NAME = AccentColor;
				CODE_SIGN_STYLE = Automatic;
				CURRENT_PROJECT_VERSION = 1;
				DEVELOPMENT_TEAM = ZQV4ZDQNW5;
				GENERATE_INFOPLIST_FILE = YES;
				IBSC_FLATTEN_NIBS = YES;
				INFOPLIST_FILE = "WanF-Project/Info.plist";
				INFOPLIST_KEY_UIApplicationSupportsIndirectInputEvents = YES;
				INFOPLIST_KEY_UILaunchStoryboardName = LaunchScreen;
				INFOPLIST_KEY_UIStatusBarStyle = "";
				INFOPLIST_KEY_UISupportedInterfaceOrientations = UIInterfaceOrientationPortrait;
				INFOPLIST_KEY_UIUserInterfaceStyle = Light;
				IPHONEOS_DEPLOYMENT_TARGET = 16.0;
				LD_RUNPATH_SEARCH_PATHS = (
					"$(inherited)",
					"@executable_path/Frameworks",
				);
				MARKETING_VERSION = 1.0;
				PRODUCT_BUNDLE_IDENTIFIER = "com.tistory.88yhtserof.WanF-Project";
				PRODUCT_NAME = "$(TARGET_NAME)";
				SWIFT_EMIT_LOC_STRINGS = YES;
				SWIFT_VERSION = 5.0;
				TARGETED_DEVICE_FAMILY = "1,2";
			};
			name = Release;
		};
/* End XCBuildConfiguration section */

/* Begin XCConfigurationList section */
		141A780F29D7ED46006731F7 /* Build configuration list for PBXProject "WanF-Project" */ = {
			isa = XCConfigurationList;
			buildConfigurations = (
				141A782629D7ED46006731F7 /* Debug */,
				141A782729D7ED46006731F7 /* Release */,
			);
			defaultConfigurationIsVisible = 0;
			defaultConfigurationName = Release;
		};
		141A782829D7ED46006731F7 /* Build configuration list for PBXNativeTarget "WanF-Project" */ = {
			isa = XCConfigurationList;
			buildConfigurations = (
				141A782929D7ED46006731F7 /* Debug */,
				141A782A29D7ED46006731F7 /* Release */,
			);
			defaultConfigurationIsVisible = 0;
			defaultConfigurationName = Release;
		};
/* End XCConfigurationList section */

/* Begin XCRemoteSwiftPackageReference section */
		141A782B29D7F120006731F7 /* XCRemoteSwiftPackageReference "SnapKit" */ = {
			isa = XCRemoteSwiftPackageReference;
			repositoryURL = "https://github.com/SnapKit/SnapKit.git";
			requirement = {
				kind = upToNextMinorVersion;
				minimumVersion = 5.6.0;
			};
		};
		141A782E29D7F168006731F7 /* XCRemoteSwiftPackageReference "RxSwift" */ = {
			isa = XCRemoteSwiftPackageReference;
			repositoryURL = "https://github.com/ReactiveX/RxSwift.git";
			requirement = {
				branch = main;
				kind = branch;
			};
		};
/* End XCRemoteSwiftPackageReference section */

/* Begin XCSwiftPackageProductDependency section */
		141A782C29D7F120006731F7 /* SnapKit */ = {
			isa = XCSwiftPackageProductDependency;
			package = 141A782B29D7F120006731F7 /* XCRemoteSwiftPackageReference "SnapKit" */;
			productName = SnapKit;
		};
		141A782F29D7F168006731F7 /* RxCocoa */ = {
			isa = XCSwiftPackageProductDependency;
			package = 141A782E29D7F168006731F7 /* XCRemoteSwiftPackageReference "RxSwift" */;
			productName = RxCocoa;
		};
		141A783129D7F168006731F7 /* RxRelay */ = {
			isa = XCSwiftPackageProductDependency;
			package = 141A782E29D7F168006731F7 /* XCRemoteSwiftPackageReference "RxSwift" */;
			productName = RxRelay;
		};
		141A783329D7F168006731F7 /* RxSwift */ = {
			isa = XCSwiftPackageProductDependency;
			package = 141A782E29D7F168006731F7 /* XCRemoteSwiftPackageReference "RxSwift" */;
			productName = RxSwift;
		};
/* End XCSwiftPackageProductDependency section */
	};
	rootObject = 141A780C29D7ED46006731F7 /* Project object */;
}
